<?xml version="1.0" encoding="utf-8"?>
<Project ToolsVersion="4.0" xmlns="http://schemas.microsoft.com/developer/msbuild/2003">
  <ItemGroup>
    <Filter Include="源文件">
      <UniqueIdentifier>{4FC737F1-C7A5-4376-A066-2A32D752A2FF}</UniqueIdentifier>
      <Extensions>cpp;c;cc;cxx;def;odl;idl;hpj;bat;asm;asmx</Extensions>
    </Filter>
    <Filter Include="头文件">
      <UniqueIdentifier>{93995380-89BD-4b04-88EB-625FBE52EBFB}</UniqueIdentifier>
      <Extensions>h;hh;hpp;hxx;hm;inl;inc;xsd</Extensions>
    </Filter>
    <Filter Include="资源文件">
      <UniqueIdentifier>{67DA6AB6-F800-4c08-8B7A-83BB121AAD01}</UniqueIdentifier>
      <Extensions>rc;ico;cur;bmp;dlg;rc2;rct;bin;rgs;gif;jpg;jpeg;jpe;resx;tiff;tif;png;wav;mfcribbon-ms</Extensions>
    </Filter>
    <Filter Include="FunctionGuard">
      <UniqueIdentifier>{6205fafa-ac3a-4dcd-89f2-8a0f7497f914}</UniqueIdentifier>
    </Filter>
    <Filter Include="FuncPerformance">
      <UniqueIdentifier>{20c3796a-5112-4bf2-9eb3-3e850728ce9b}</UniqueIdentifier>
    </Filter>
    <Filter Include="Ringbuf">
      <UniqueIdentifier>{ebeccf5b-3571-46f9-962a-4d47b26effa7}</UniqueIdentifier>
    </Filter>
    <Filter Include="SharedMem">
      <UniqueIdentifier>{2fc6384e-de01-438c-8134-cc8f86c8f08c}</UniqueIdentifier>
    </Filter>
    <Filter Include="Console">
      <UniqueIdentifier>{c9ec232f-09e9-47d4-ad40-46058e5b26d8}</UniqueIdentifier>
    </Filter>
    <Filter Include="Thread">
      <UniqueIdentifier>{8b94fada-ca14-49e2-b14c-1f8527cdf0ce}</UniqueIdentifier>
    </Filter>
    <Filter Include="Timer">
      <UniqueIdentifier>{38dba484-277a-4d74-905e-39c07c481e99}</UniqueIdentifier>
    </Filter>
    <Filter Include="FileSystem">
      <UniqueIdentifier>{bcf010c7-2560-491f-87b9-21f38069c5c3}</UniqueIdentifier>
    </Filter>
    <Filter Include="XMLParse">
      <UniqueIdentifier>{704c7748-3449-443c-b273-daf1719e1a3b}</UniqueIdentifier>
    </Filter>
    <Filter Include="PostMortem">
      <UniqueIdentifier>{fa2687a4-800a-493f-8430-043d6a983709}</UniqueIdentifier>
    </Filter>
    <Filter Include="Config">
      <UniqueIdentifier>{fcf403e1-100b-4d20-b3ee-5237ab889c6d}</UniqueIdentifier>
    </Filter>
  </ItemGroup>
  <ItemGroup>
    <Text Include="ReadMe.txt" />
  </ItemGroup>
  <ItemGroup>
    <ClInclude Include="CommonDefs.h">
      <Filter>头文件</Filter>
    </ClInclude>
    <ClInclude Include="Single.h">
      <Filter>头文件</Filter>
    </ClInclude>
    <ClInclude Include="FunctionGuard.h">
      <Filter>FunctionGuard</Filter>
    </ClInclude>
    <ClInclude Include="StackWalker.h">
      <Filter>FunctionGuard</Filter>
    </ClInclude>
    <ClInclude Include="FuncPerformanceLog.h">
      <Filter>FuncPerformance</Filter>
    </ClInclude>
    <ClInclude Include="RingBufferEx.h">
      <Filter>Ringbuf</Filter>
    </ClInclude>
    <ClInclude Include="RingBuffer.h">
      <Filter>Ringbuf</Filter>
    </ClInclude>
    <ClInclude Include="ShareMem.h">
      <Filter>SharedMem</Filter>
    </ClInclude>
    <ClInclude Include="Utility.h">
      <Filter>头文件</Filter>
    </ClInclude>
    <ClInclude Include="Console.h">
      <Filter>Console</Filter>
    </ClInclude>
    <ClInclude Include="ConsoleParamParse.h">
      <Filter>Console</Filter>
    </ClInclude>
    <ClInclude Include="CThread.h">
      <Filter>Thread</Filter>
    </ClInclude>
    <ClInclude Include="CTimer.h">
      <Filter>Timer</Filter>
    </ClInclude>
    <ClInclude Include="FileSystemUtil.h">
      <Filter>FileSystem</Filter>
    </ClInclude>
    <ClInclude Include="Log.h">
      <Filter>FileSystem</Filter>
    </ClInclude>
    <ClInclude Include="MarkupSTL.h">
      <Filter>XMLParse</Filter>
    </ClInclude>
    <ClInclude Include="LTModule.h">
      <Filter>头文件</Filter>
    </ClInclude>
    <ClInclude Include="stdafx.h">
      <Filter>头文件</Filter>
    </ClInclude>
    <ClInclude Include="PostMortem.h">
      <Filter>PostMortem</Filter>
    </ClInclude>
    <ClInclude Include="Ini.h">
      <Filter>Config</Filter>
    </ClInclude>
    <ClInclude Include="XmlConfig.h">
      <Filter>Config</Filter>
    </ClInclude>
  </ItemGroup>
  <ItemGroup>
    <ClCompile Include="FunctionGuard.cpp">
      <Filter>FunctionGuard</Filter>
    </ClCompile>
    <ClCompile Include="StackWalker.cpp">
      <Filter>FunctionGuard</Filter>
    </ClCompile>
    <ClCompile Include="FuncPerformanceLog.cpp">
      <Filter>FuncPerformance</Filter>
    </ClCompile>
    <ClCompile Include="ShareMem.cpp">
      <Filter>SharedMem</Filter>
    </ClCompile>
    <ClCompile Include="Console.cpp">
      <Filter>Console</Filter>
    </ClCompile>
    <ClCompile Include="CThread.cpp">
      <Filter>Thread</Filter>
    </ClCompile>
    <ClCompile Include="CTimer.cpp">
      <Filter>Timer</Filter>
    </ClCompile>
    <ClCompile Include="FileSystemUtil.cpp">
      <Filter>FileSystem</Filter>
    </ClCompile>
    <ClCompile Include="Log.cpp">
      <Filter>FileSystem</Filter>
    </ClCompile>
    <ClCompile Include="MarkupSTL.cpp">
      <Filter>XMLParse</Filter>
    </ClCompile>
    <ClCompile Include="LTModule.cpp">
      <Filter>源文件</Filter>
    </ClCompile>
    <ClCompile Include="stdafx.cpp">
      <Filter>源文件</Filter>
    </ClCompile>
    <ClCompile Include="PostMortem.cpp">
      <Filter>PostMortem</Filter>
    </ClCompile>
    <ClCompile Include="Ini.cpp">
      <Filter>Config</Filter>
    </ClCompile>
    <ClCompile Include="XmlConfig.cpp">
      <Filter>Config</Filter>
    </ClCompile>
  </ItemGroup>
  <ItemGroup>
    <None Include="Makefile" />
  </ItemGroup>
</Project>